{
  "lockfileVersion": 2,
  "configVersion": 1,
  "workspaces": {
    "": {
      "devDependencies": {
        "intl-messageformat": "^11.2.8",
      },
    },
  },
  "packages": {
    "@formatjs/fast-memoize": ["@formatjs/fast-memoize@3.1.7", "", {}, "sha512-zXfhLpvA6T7+efdt9JLbBwZ00tT7NsBMDVnDu8rpHeNNv8KfRZAMo2gkG0k9lK/Nzc//3kJ9pImsfuJxk3KhUA=="],

    "@formatjs/icu-messageformat-parser": ["@formatjs/icu-messageformat-parser@3.5.17", "", { "dependencies": { "@formatjs/icu-skeleton-parser": "2.1.11" } }, "sha512-cN9jhVqT7u0K9tix43fhjoUwL0nazyW6zsNIXs2QdPADr+nurPfYyssUiMqcSCGlPcCiqnYVxgSn7zBSuI+5Bg=="],

    "@formatjs/icu-skeleton-parser": ["@formatjs/icu-skeleton-parser@2.1.11", "", {}, "sha512-j8cUmOJzVgkHuS0QiQ6ga76UIoLOFSAMWhs7aZJztH3aAdCOAE6vpC8KVvFB4cU10ON0y2/5oOVmPJ43s2lTwA=="],

    "intl-messageformat": ["intl-messageformat@11.2.14", "", { "dependencies": { "@formatjs/fast-memoize": "3.1.7", "@formatjs/icu-messageformat-parser": "3.5.17" } }, "sha512-9f2VD1HFuxUvMw0RxsaP8WmMns6JRTnsNB/zghTFrp11ZktiXWwVDeZBPQchBKEmo+Gx/ZhxI7Qht7YglFD4PA=="],
  }
}
